
Microsoft Visual Studio Solution File, Format Version 12.00
# Visual Studio 2013
VisualStudioVersion = 12.0.31101.0
MinimumVisualStudioVersion = 10.0.40219.1
Project("{FAE04EC0-301F-11D3-BF4B-00C04F79EFBC}") = "Wedding", "Wedding\Wedding.csproj", "{A38ACAF6-39F4-4C34-BEC8-5C1F32380A7F}"
EndProject
Project("{FAE04EC0-301F-11D3-BF4B-00C04F79EFBC}") = "Wedding.Data", "Wedding.Data\Wedding.Data.csproj", "{9FAFE7E3-1F48-4579-A56C-1AA01FA315CF}"
EndProject
Global
	GlobalSection(SolutionConfigurationPlatforms) = preSolution
		Debug|Any CPU = Debug|Any CPU
		Release|Any CPU = Release|Any CPU
	EndGlobalSection
	GlobalSection(ProjectConfigurationPlatforms) = postSolution
		{A38ACAF6-39F4-4C34-BEC8-5C1F32380A7F}.Debug|Any CPU.ActiveCfg = Debug|Any CPU
		{A38ACAF6-39F4-4C34-BEC8-5C1F32380A7F}.Debug|Any CPU.Build.0 = Debug|Any CPU
		{A38ACAF6-39F4-4C34-BEC8-5C1F32380A7F}.Release|Any CPU.ActiveCfg = Release|Any CPU
		{A38ACAF6-39F4-4C34-BEC8-5C1F32380A7F}.Release|Any CPU.Build.0 = Release|Any CPU
		{9FAFE7E3-1F48-4579-A56C-1AA01FA315CF}.Debug|Any CPU.ActiveCfg = Debug|Any CPU
		{9FAFE7E3-1F48-4579-A56C-1AA01FA315CF}.Debug|Any CPU.Build.0 = Debug|Any CPU
		{9FAFE7E3-1F48-4579-A56C-1AA01FA315CF}.Release|Any CPU.ActiveCfg = Release|Any CPU
		{9FAFE7E3-1F48-4579-A56C-1AA01FA315CF}.Release|Any CPU.Build.0 = Release|Any CPU
	EndGlobalSection
	GlobalSection(SolutionProperties) = preSolution
		HideSolutionNode = FALSE
	EndGlobalSection
EndGlobal
